
Microsoft Visual Studio Solution File, Format Version 12.00
# Visual Studio Version 17
VisualStudioVersion = 17.12.35521.163 d17.12
MinimumVisualStudioVersion = 10.0.40219.1
Project("{FAE04EC0-301F-11D3-BF4B-00C04F79EFBC}") = "PlaylistTransferWPF", "PlaylistTransferWPF\PlaylistTransferWPF.csproj", "{EE0ECA92-545C-4E75-98D4-5C953F70164D}"
EndProject
Project("{FAE04EC0-301F-11D3-BF4B-00C04F79EFBC}") = "DropletHelper", "DropletHelper\DropletHelper.csproj", "{8E86F094-2358-4E83-8DC4-D52DE6C5677A}"
EndProject
Global
	GlobalSection(SolutionConfigurationPlatforms) = preSolution
		Debug|Any CPU = Debug|Any CPU
		Release|Any CPU = Release|Any CPU
	EndGlobalSection
	GlobalSection(ProjectConfigurationPlatforms) = postSolution
		{EE0ECA92-545C-4E75-98D4-5C953F70164D}.Debug|Any CPU.ActiveCfg = Debug|Any CPU
		{EE0ECA92-545C-4E75-98D4-5C953F70164D}.Debug|Any CPU.Build.0 = Debug|Any CPU
		{EE0ECA92-545C-4E75-98D4-5C953F70164D}.Release|Any CPU.ActiveCfg = Release|Any CPU
		{EE0ECA92-545C-4E75-98D4-5C953F70164D}.Release|Any CPU.Build.0 = Release|Any CPU
		{8E86F094-2358-4E83-8DC4-D52DE6C5677A}.Debug|Any CPU.ActiveCfg = Debug|Any CPU
		{8E86F094-2358-4E83-8DC4-D52DE6C5677A}.Debug|Any CPU.Build.0 = Debug|Any CPU
		{8E86F094-2358-4E83-8DC4-D52DE6C5677A}.Release|Any CPU.ActiveCfg = Release|Any CPU
		{8E86F094-2358-4E83-8DC4-D52DE6C5677A}.Release|Any CPU.Build.0 = Release|Any CPU
	EndGlobalSection
	GlobalSection(SolutionProperties) = preSolution
		HideSolutionNode = FALSE
	EndGlobalSection
EndGlobal
